
Microsoft Visual Studio Solution File, Format Version 12.00
# Visual Studio Version 17
VisualStudioVersion = 17.12.35527.113 d17.12
MinimumVisualStudioVersion = 10.0.40219.1
Project("{2150E333-8FDC-42A3-9474-1A3956D46DE8}") = "Services", "Services", "{4B4C6679-6338-4938-8971-6CEFED2668D3}"
EndProject
Project("{2150E333-8FDC-42A3-9474-1A3956D46DE8}") = "Catalog", "Catalog", "{BA07DF49-8377-406B-82D3-433F9CF76241}"
EndProject
Project("{FAE04EC0-301F-11D3-BF4B-00C04F79EFBC}") = "NakoShop.Catalog", "Services\Catalog\NakoShop.Catalog\NakoShop.Catalog.csproj", "{7E23615A-DECF-403F-BFFB-605C99AFCE38}"
EndProject
Global
	GlobalSection(SolutionConfigurationPlatforms) = preSolution
		Debug|Any CPU = Debug|Any CPU
		Release|Any CPU = Release|Any CPU
	EndGlobalSection
	GlobalSection(ProjectConfigurationPlatforms) = postSolution
		{7E23615A-DECF-403F-BFFB-605C99AFCE38}.Debug|Any CPU.ActiveCfg = Debug|Any CPU
		{7E23615A-DECF-403F-BFFB-605C99AFCE38}.Debug|Any CPU.Build.0 = Debug|Any CPU
		{7E23615A-DECF-403F-BFFB-605C99AFCE38}.Release|Any CPU.ActiveCfg = Release|Any CPU
		{7E23615A-DECF-403F-BFFB-605C99AFCE38}.Release|Any CPU.Build.0 = Release|Any CPU
	EndGlobalSection
	GlobalSection(SolutionProperties) = preSolution
		HideSolutionNode = FALSE
	EndGlobalSection
	GlobalSection(NestedProjects) = preSolution
		{BA07DF49-8377-406B-82D3-433F9CF76241} = {4B4C6679-6338-4938-8971-6CEFED2668D3}
		{7E23615A-DECF-403F-BFFB-605C99AFCE38} = {BA07DF49-8377-406B-82D3-433F9CF76241}
	EndGlobalSection
EndGlobal
