
Microsoft Visual Studio Solution File, Format Version 12.00
# Visual Studio Version 17
VisualStudioVersion = 17.12.35527.113
MinimumVisualStudioVersion = 10.0.40219.1
Project("{2150E333-8FDC-42A3-9474-1A3956D46DE8}") = "Services", "Services", "{4B4C6679-6338-4938-8971-6CEFED2668D3}"
EndProject
Project("{2150E333-8FDC-42A3-9474-1A3956D46DE8}") = "Catalog", "Catalog", "{BA07DF49-8377-406B-82D3-433F9CF76241}"
EndProject
Project("{FAE04EC0-301F-11D3-BF4B-00C04F79EFBC}") = "NakoShop.Catalog", "Services\Catalog\NakoShop.Catalog\NakoShop.Catalog.csproj", "{7E23615A-DECF-403F-BFFB-605C99AFCE38}"
EndProject
Project("{2150E333-8FDC-42A3-9474-1A3956D46DE8}") = "Discount", "Discount", "{E6610987-1C78-44E8-A198-98D715CB3012}"
EndProject
Project("{FAE04EC0-301F-11D3-BF4B-00C04F79EFBC}") = "NakoShop.Discount", "Services\Discount\NakoShop.Discount\NakoShop.Discount.csproj", "{1A2325D3-826A-4389-B60A-A964C8129173}"
EndProject
Project("{2150E333-8FDC-42A3-9474-1A3956D46DE8}") = "Order", "Order", "{7AC22019-1E18-40C8-87CE-389F9DC7FC12}"
EndProject
Project("{2150E333-8FDC-42A3-9474-1A3956D46DE8}") = "Core", "Core", "{2E7FB5B1-466D-40E8-8C05-E9511D043B16}"
EndProject
Project("{2150E333-8FDC-42A3-9474-1A3956D46DE8}") = "Infrastructure", "Infrastructure", "{FDA41686-869F-4571-B77E-1500B5554BB8}"
EndProject
Project("{2150E333-8FDC-42A3-9474-1A3956D46DE8}") = "Presentation", "Presentation", "{9E928F9A-5EC7-44FD-802C-C629995E264D}"
EndProject
Project("{FAE04EC0-301F-11D3-BF4B-00C04F79EFBC}") = "NakoShop.Order.Domain", "Services\Order\Core\NakoShop.Order.Domain\NakoShop.Order.Domain.csproj", "{E5DE739E-A078-4F86-9EB3-5453F2F34F05}"
EndProject
Project("{FAE04EC0-301F-11D3-BF4B-00C04F79EFBC}") = "NakoShop.Order.Application", "Services\Order\Core\NakoShop.Order.Application\NakoShop.Order.Application.csproj", "{5A35B80F-3B15-4A3F-B725-B703A8D56F29}"
EndProject
Project("{FAE04EC0-301F-11D3-BF4B-00C04F79EFBC}") = "NakoShop.Order.Persistence", "Services\Order\Infrastructure\NakoShop.Order.Persistence\NakoShop.Order.Persistence.csproj", "{CF5FFD6B-547C-4B93-834D-2D7C38A257E1}"
EndProject
Project("{FAE04EC0-301F-11D3-BF4B-00C04F79EFBC}") = "NakoShop.Order.WebApi", "Services\Order\Presentation\NakoShop.Order.WebApi\NakoShop.Order.WebApi.csproj", "{B1E0A354-1E76-4D77-BD6B-D999EA01AB8D}"
EndProject
Project("{2150E333-8FDC-42A3-9474-1A3956D46DE8}") = "IdentityServer", "IdentityServer", "{656C1220-4679-4FED-A934-14A4712ABE39}"
EndProject
Project("{FAE04EC0-301F-11D3-BF4B-00C04F79EFBC}") = "NakoShop.IdentityServer", "IdentityServer\NakoShop.IdentityServer\NakoShop.IdentityServer.csproj", "{56EE69B1-7B7D-473F-8E11-F7B6FC3A02E0}"
EndProject
Project("{2150E333-8FDC-42A3-9474-1A3956D46DE8}") = "Cargo", "Cargo", "{A3DB2037-208B-43C6-BA9B-45EB5A5953B3}"
EndProject
Project("{FAE04EC0-301F-11D3-BF4B-00C04F79EFBC}") = "NakoShop.Cargo.EntityLayer", "Services\Cargo\NakoShop.Cargo.EntityLayer\NakoShop.Cargo.EntityLayer.csproj", "{3EEFDAB8-9736-4E80-BD81-94CD5B7FFA07}"
EndProject
Project("{FAE04EC0-301F-11D3-BF4B-00C04F79EFBC}") = "NakoShop.Cargo.BusinessLayer", "Services\Cargo\NakoShop.Cargo.BusinessLayer\NakoShop.Cargo.BusinessLayer.csproj", "{F0C3ADB3-939F-4F4D-B765-DEAF1D4FD605}"
EndProject
Project("{FAE04EC0-301F-11D3-BF4B-00C04F79EFBC}") = "NakoShop.Cargo.DataAccessLayer", "Services\Cargo\NakoShop.Cargo.DataAccessLayer\NakoShop.Cargo.DataAccessLayer.csproj", "{D5589EA4-5877-47E7-8AAC-0A456A41D1C3}"
EndProject
Project("{FAE04EC0-301F-11D3-BF4B-00C04F79EFBC}") = "NakoShop.Cargo.DtoLayer", "Services\Cargo\NakoShop.Cargo.DtoLayer\NakoShop.Cargo.DtoLayer.csproj", "{15F93B9E-857E-4854-B370-1FF6729F0224}"
EndProject
Project("{FAE04EC0-301F-11D3-BF4B-00C04F79EFBC}") = "NakoShop.Cargo.WebApi", "Services\Cargo\NakoShop.Cargo.WebApi\NakoShop.Cargo.WebApi.csproj", "{AE386412-89CA-4368-AD2D-16452A904AAE}"
EndProject
Project("{2150E333-8FDC-42A3-9474-1A3956D46DE8}") = "Basket", "Basket", "{7EC874DE-4C6C-4E65-A9AC-C21BC9243006}"
EndProject
Project("{FAE04EC0-301F-11D3-BF4B-00C04F79EFBC}") = "NakoShop.Basket", "Services\Basket\NakoShop.Basket\NakoShop.Basket.csproj", "{C382F206-C713-4576-8AA0-E2CF0B78DB72}"
EndProject
Project("{2150E333-8FDC-42A3-9474-1A3956D46DE8}") = "Frontends", "Frontends", "{235E90D5-9109-410E-82D4-87A82DB36E08}"
EndProject
Project("{FAE04EC0-301F-11D3-BF4B-00C04F79EFBC}") = "NakoShop.WebUI", "Frontends\NakoShop.WebUI\NakoShop.WebUI.csproj", "{65520A06-416C-4C37-93F3-68C6232FC93A}"
EndProject
Global
	GlobalSection(SolutionConfigurationPlatforms) = preSolution
		Debug|Any CPU = Debug|Any CPU
		Release|Any CPU = Release|Any CPU
	EndGlobalSection
	GlobalSection(ProjectConfigurationPlatforms) = postSolution
		{7E23615A-DECF-403F-BFFB-605C99AFCE38}.Debug|Any CPU.ActiveCfg = Debug|Any CPU
		{7E23615A-DECF-403F-BFFB-605C99AFCE38}.Debug|Any CPU.Build.0 = Debug|Any CPU
		{7E23615A-DECF-403F-BFFB-605C99AFCE38}.Release|Any CPU.ActiveCfg = Release|Any CPU
		{7E23615A-DECF-403F-BFFB-605C99AFCE38}.Release|Any CPU.Build.0 = Release|Any CPU
		{1A2325D3-826A-4389-B60A-A964C8129173}.Debug|Any CPU.ActiveCfg = Debug|Any CPU
		{1A2325D3-826A-4389-B60A-A964C8129173}.Debug|Any CPU.Build.0 = Debug|Any CPU
		{1A2325D3-826A-4389-B60A-A964C8129173}.Release|Any CPU.ActiveCfg = Release|Any CPU
		{1A2325D3-826A-4389-B60A-A964C8129173}.Release|Any CPU.Build.0 = Release|Any CPU
		{E5DE739E-A078-4F86-9EB3-5453F2F34F05}.Debug|Any CPU.ActiveCfg = Debug|Any CPU
		{E5DE739E-A078-4F86-9EB3-5453F2F34F05}.Debug|Any CPU.Build.0 = Debug|Any CPU
		{E5DE739E-A078-4F86-9EB3-5453F2F34F05}.Release|Any CPU.ActiveCfg = Release|Any CPU
		{E5DE739E-A078-4F86-9EB3-5453F2F34F05}.Release|Any CPU.Build.0 = Release|Any CPU
		{5A35B80F-3B15-4A3F-B725-B703A8D56F29}.Debug|Any CPU.ActiveCfg = Debug|Any CPU
		{5A35B80F-3B15-4A3F-B725-B703A8D56F29}.Debug|Any CPU.Build.0 = Debug|Any CPU
		{5A35B80F-3B15-4A3F-B725-B703A8D56F29}.Release|Any CPU.ActiveCfg = Release|Any CPU
		{5A35B80F-3B15-4A3F-B725-B703A8D56F29}.Release|Any CPU.Build.0 = Release|Any CPU
		{CF5FFD6B-547C-4B93-834D-2D7C38A257E1}.Debug|Any CPU.ActiveCfg = Debug|Any CPU
		{CF5FFD6B-547C-4B93-834D-2D7C38A257E1}.Debug|Any CPU.Build.0 = Debug|Any CPU
		{CF5FFD6B-547C-4B93-834D-2D7C38A257E1}.Release|Any CPU.ActiveCfg = Release|Any CPU
		{CF5FFD6B-547C-4B93-834D-2D7C38A257E1}.Release|Any CPU.Build.0 = Release|Any CPU
		{B1E0A354-1E76-4D77-BD6B-D999EA01AB8D}.Debug|Any CPU.ActiveCfg = Debug|Any CPU
		{B1E0A354-1E76-4D77-BD6B-D999EA01AB8D}.Debug|Any CPU.Build.0 = Debug|Any CPU
		{B1E0A354-1E76-4D77-BD6B-D999EA01AB8D}.Release|Any CPU.ActiveCfg = Release|Any CPU
		{B1E0A354-1E76-4D77-BD6B-D999EA01AB8D}.Release|Any CPU.Build.0 = Release|Any CPU
		{56EE69B1-7B7D-473F-8E11-F7B6FC3A02E0}.Debug|Any CPU.ActiveCfg = Debug|Any CPU
		{56EE69B1-7B7D-473F-8E11-F7B6FC3A02E0}.Debug|Any CPU.Build.0 = Debug|Any CPU
		{56EE69B1-7B7D-473F-8E11-F7B6FC3A02E0}.Release|Any CPU.ActiveCfg = Release|Any CPU
		{56EE69B1-7B7D-473F-8E11-F7B6FC3A02E0}.Release|Any CPU.Build.0 = Release|Any CPU
		{3EEFDAB8-9736-4E80-BD81-94CD5B7FFA07}.Debug|Any CPU.ActiveCfg = Debug|Any CPU
		{3EEFDAB8-9736-4E80-BD81-94CD5B7FFA07}.Debug|Any CPU.Build.0 = Debug|Any CPU
		{3EEFDAB8-9736-4E80-BD81-94CD5B7FFA07}.Release|Any CPU.ActiveCfg = Release|Any CPU
		{3EEFDAB8-9736-4E80-BD81-94CD5B7FFA07}.Release|Any CPU.Build.0 = Release|Any CPU
		{F0C3ADB3-939F-4F4D-B765-DEAF1D4FD605}.Debug|Any CPU.ActiveCfg = Debug|Any CPU
		{F0C3ADB3-939F-4F4D-B765-DEAF1D4FD605}.Debug|Any CPU.Build.0 = Debug|Any CPU
		{F0C3ADB3-939F-4F4D-B765-DEAF1D4FD605}.Release|Any CPU.ActiveCfg = Release|Any CPU
		{F0C3ADB3-939F-4F4D-B765-DEAF1D4FD605}.Release|Any CPU.Build.0 = Release|Any CPU
		{D5589EA4-5877-47E7-8AAC-0A456A41D1C3}.Debug|Any CPU.ActiveCfg = Debug|Any CPU
		{D5589EA4-5877-47E7-8AAC-0A456A41D1C3}.Debug|Any CPU.Build.0 = Debug|Any CPU
		{D5589EA4-5877-47E7-8AAC-0A456A41D1C3}.Release|Any CPU.ActiveCfg = Release|Any CPU
		{D5589EA4-5877-47E7-8AAC-0A456A41D1C3}.Release|Any CPU.Build.0 = Release|Any CPU
		{15F93B9E-857E-4854-B370-1FF6729F0224}.Debug|Any CPU.ActiveCfg = Debug|Any CPU
		{15F93B9E-857E-4854-B370-1FF6729F0224}.Debug|Any CPU.Build.0 = Debug|Any CPU
		{15F93B9E-857E-4854-B370-1FF6729F0224}.Release|Any CPU.ActiveCfg = Release|Any CPU
		{15F93B9E-857E-4854-B370-1FF6729F0224}.Release|Any CPU.Build.0 = Release|Any CPU
		{AE386412-89CA-4368-AD2D-16452A904AAE}.Debug|Any CPU.ActiveCfg = Debug|Any CPU
		{AE386412-89CA-4368-AD2D-16452A904AAE}.Debug|Any CPU.Build.0 = Debug|Any CPU
		{AE386412-89CA-4368-AD2D-16452A904AAE}.Release|Any CPU.ActiveCfg = Release|Any CPU
		{AE386412-89CA-4368-AD2D-16452A904AAE}.Release|Any CPU.Build.0 = Release|Any CPU
		{C382F206-C713-4576-8AA0-E2CF0B78DB72}.Debug|Any CPU.ActiveCfg = Debug|Any CPU
		{C382F206-C713-4576-8AA0-E2CF0B78DB72}.Debug|Any CPU.Build.0 = Debug|Any CPU
		{C382F206-C713-4576-8AA0-E2CF0B78DB72}.Release|Any CPU.ActiveCfg = Release|Any CPU
		{C382F206-C713-4576-8AA0-E2CF0B78DB72}.Release|Any CPU.Build.0 = Release|Any CPU
		{65520A06-416C-4C37-93F3-68C6232FC93A}.Debug|Any CPU.ActiveCfg = Debug|Any CPU
		{65520A06-416C-4C37-93F3-68C6232FC93A}.Debug|Any CPU.Build.0 = Debug|Any CPU
		{65520A06-416C-4C37-93F3-68C6232FC93A}.Release|Any CPU.ActiveCfg = Release|Any CPU
		{65520A06-416C-4C37-93F3-68C6232FC93A}.Release|Any CPU.Build.0 = Release|Any CPU
	EndGlobalSection
	GlobalSection(SolutionProperties) = preSolution
		HideSolutionNode = FALSE
	EndGlobalSection
	GlobalSection(NestedProjects) = preSolution
		{BA07DF49-8377-406B-82D3-433F9CF76241} = {4B4C6679-6338-4938-8971-6CEFED2668D3}
		{7E23615A-DECF-403F-BFFB-605C99AFCE38} = {BA07DF49-8377-406B-82D3-433F9CF76241}
		{E6610987-1C78-44E8-A198-98D715CB3012} = {4B4C6679-6338-4938-8971-6CEFED2668D3}
		{1A2325D3-826A-4389-B60A-A964C8129173} = {E6610987-1C78-44E8-A198-98D715CB3012}
		{7AC22019-1E18-40C8-87CE-389F9DC7FC12} = {4B4C6679-6338-4938-8971-6CEFED2668D3}
		{2E7FB5B1-466D-40E8-8C05-E9511D043B16} = {7AC22019-1E18-40C8-87CE-389F9DC7FC12}
		{FDA41686-869F-4571-B77E-1500B5554BB8} = {7AC22019-1E18-40C8-87CE-389F9DC7FC12}
		{9E928F9A-5EC7-44FD-802C-C629995E264D} = {7AC22019-1E18-40C8-87CE-389F9DC7FC12}
		{E5DE739E-A078-4F86-9EB3-5453F2F34F05} = {2E7FB5B1-466D-40E8-8C05-E9511D043B16}
		{5A35B80F-3B15-4A3F-B725-B703A8D56F29} = {2E7FB5B1-466D-40E8-8C05-E9511D043B16}
		{CF5FFD6B-547C-4B93-834D-2D7C38A257E1} = {FDA41686-869F-4571-B77E-1500B5554BB8}
		{B1E0A354-1E76-4D77-BD6B-D999EA01AB8D} = {9E928F9A-5EC7-44FD-802C-C629995E264D}
		{56EE69B1-7B7D-473F-8E11-F7B6FC3A02E0} = {656C1220-4679-4FED-A934-14A4712ABE39}
		{A3DB2037-208B-43C6-BA9B-45EB5A5953B3} = {4B4C6679-6338-4938-8971-6CEFED2668D3}
		{3EEFDAB8-9736-4E80-BD81-94CD5B7FFA07} = {A3DB2037-208B-43C6-BA9B-45EB5A5953B3}
		{F0C3ADB3-939F-4F4D-B765-DEAF1D4FD605} = {A3DB2037-208B-43C6-BA9B-45EB5A5953B3}
		{D5589EA4-5877-47E7-8AAC-0A456A41D1C3} = {A3DB2037-208B-43C6-BA9B-45EB5A5953B3}
		{15F93B9E-857E-4854-B370-1FF6729F0224} = {A3DB2037-208B-43C6-BA9B-45EB5A5953B3}
		{AE386412-89CA-4368-AD2D-16452A904AAE} = {A3DB2037-208B-43C6-BA9B-45EB5A5953B3}
		{7EC874DE-4C6C-4E65-A9AC-C21BC9243006} = {4B4C6679-6338-4938-8971-6CEFED2668D3}
		{C382F206-C713-4576-8AA0-E2CF0B78DB72} = {7EC874DE-4C6C-4E65-A9AC-C21BC9243006}
		{65520A06-416C-4C37-93F3-68C6232FC93A} = {235E90D5-9109-410E-82D4-87A82DB36E08}
	EndGlobalSection
EndGlobal
